{
  "requires": true,
  "lockfileVersion": 1,
  "dependencies": {
    "modulejs": {
      "version": "2.7.0",
      "resolved": "https://registry.npmjs.org/modulejs/-/modulejs-2.7.0.tgz",
      "integrity": "sha512-MWahukRcMG3qYjxbnLealF9NqHw/RHArlq4PJ/U1lxF7cJ0dFBf8ag1v4prpBGMUbCI8e6cr2sxpPp/stXSTjQ=="
    }
  }
}
